
Microsoft Visual Studio Solution File, Format Version 12.00
# Visual Studio Version 17
VisualStudioVersion = 17.8.34330.188
MinimumVisualStudioVersion = 10.0.40219.1
Project("{FAE04EC0-301F-11D3-BF4B-00C04F79EFBC}") = "congress-api", "congress-api\congress-api.csproj", "{9F3DBA5B-48C6-47D4-8316-56807219A661}"
EndProject
Global
	GlobalSection(SolutionConfigurationPlatforms) = preSolution
		Debug|Any CPU = Debug|Any CPU
		Release|Any CPU = Release|Any CPU
	EndGlobalSection
	GlobalSection(ProjectConfigurationPlatforms) = postSolution
		{9F3DBA5B-48C6-47D4-8316-56807219A661}.Debug|Any CPU.ActiveCfg = Debug|Any CPU
		{9F3DBA5B-48C6-47D4-8316-56807219A661}.Debug|Any CPU.Build.0 = Debug|Any CPU
		{9F3DBA5B-48C6-47D4-8316-56807219A661}.Release|Any CPU.ActiveCfg = Release|Any CPU
		{9F3DBA5B-48C6-47D4-8316-56807219A661}.Release|Any CPU.Build.0 = Release|Any CPU
	EndGlobalSection
	GlobalSection(SolutionProperties) = preSolution
		HideSolutionNode = FALSE
	EndGlobalSection
	GlobalSection(ExtensibilityGlobals) = postSolution
		SolutionGuid = {A34EC8E7-ED94-441D-A3B5-91DFC571CDEE}
	EndGlobalSection
EndGlobal
